// !$*UTF8*$!
{
	archiveVersion = 1;
	classes = {
	};
	objectVersion = 46;
	objects = {

/* Begin PBXBuildFile section */
		15359E4B189A4B090059C3B3 /* Foundation.framework in Frameworks */ = {isa = PBXBuildFile; fileRef = 15359E4A189A4B090059C3B3 /* Foundation.framework */; };
		15359E4D189A4B090059C3B3 /* CoreGraphics.framework in Frameworks */ = {isa = PBXBuildFile; fileRef = 15359E4C189A4B090059C3B3 /* CoreGraphics.framework */; };
		15359E4F189A4B090059C3B3 /* UIKit.framework in Frameworks */ = {isa = PBXBuildFile; fileRef = 15359E4E189A4B090059C3B3 /* UIKit.framework */; };
		15359E55189A4B090059C3B3 /* InfoPlist.strings in Resources */ = {isa = PBXBuildFile; fileRef = 15359E53189A4B090059C3B3 /* InfoPlist.strings */; };
		15359E57189A4B090059C3B3 /* main.m in Sources */ = {isa = PBXBuildFile; fileRef = 15359E56189A4B090059C3B3 /* main.m */; };
		15359E5B189A4B090059C3B3 /* AppDelegate.m in Sources */ = {isa = PBXBuildFile; fileRef = 15359E5A189A4B090059C3B3 /* AppDelegate.m */; };
		15359E5E189A4B090059C3B3 /* Main.storyboard in Resources */ = {isa = PBXBuildFile; fileRef = 15359E5C189A4B090059C3B3 /* Main.storyboard */; };
		15359E61189A4B090059C3B3 /* ViewController.m in Sources */ = {isa = PBXBuildFile; fileRef = 15359E60189A4B090059C3B3 /* ViewController.m */; };
		15359E63189A4B090059C3B3 /* Images.xcassets in Resources */ = {isa = PBXBuildFile; fileRef = 15359E62189A4B090059C3B3 /* Images.xcassets */; };
		15359E6A189A4B0A0059C3B3 /* XCTest.framework in Frameworks */ = {isa = PBXBuildFile; fileRef = 15359E69189A4B090059C3B3 /* XCTest.framework */; };
		15359E6B189A4B0A0059C3B3 /* Foundation.framework in Frameworks */ = {isa = PBXBuildFile; fileRef = 15359E4A189A4B090059C3B3 /* Foundation.framework */; };
		15359E6C189A4B0A0059C3B3 /* UIKit.framework in Frameworks */ = {isa = PBXBuildFile; fileRef = 15359E4E189A4B090059C3B3 /* UIKit.framework */; };
		15359E74189A4B0A0059C3B3 /* InfoPlist.strings in Resources */ = {isa = PBXBuildFile; fileRef = 15359E72189A4B0A0059C3B3 /* InfoPlist.strings */; };
		15359E76189A4B0A0059C3B3 /* testGitTests.m in Sources */ = {isa = PBXBuildFile; fileRef = 15359E75189A4B0A0059C3B3 /* testGitTests.m */; };
		1589C5E7189A564800B119FA /* MapFotr.m in Sources */ = {isa = PBXBuildFile; fileRef = 1589C5E6189A564800B119FA /* MapFotr.m */; };
/* End PBXBuildFile section */

/* Begin PBXContainerItemProxy section */
		15359E6D189A4B0A0059C3B3 /* PBXContainerItemProxy */ = {
			isa = PBXContainerItemProxy;
			containerPortal = 15359E3F189A4B080059C3B3 /* Project object */;
			proxyType = 1;
			remoteGlobalIDString = 15359E46189A4B080059C3B3;
			remoteInfo = testGit;
		};
/* End PBXContainerItemProxy section */

/* Begin PBXFileReference section */
		15359E47189A4B090059C3B3 /* testGit.app */ = {isa = PBXFileReference; explicitFileType = wrapper.application; includeInIndex = 0; path = testGit.app; sourceTree = BUILT_PRODUCTS_DIR; };
		15359E4A189A4B090059C3B3 /* Foundation.framework */ = {isa = PBXFileReference; lastKnownFileType = wrapper.framework; name = Foundation.framework; path = System/Library/Frameworks/Foundation.framework; sourceTree = SDKROOT; };
		15359E4C189A4B090059C3B3 /* CoreGraphics.framework */ = {isa = PBXFileReference; lastKnownFileType = wrapper.framework; name = CoreGraphics.framework; path = System/Library/Frameworks/CoreGraphics.framework; sourceTree = SDKROOT; };
		15359E4E189A4B090059C3B3 /* UIKit.framework */ = {isa = PBXFileReference; lastKnownFileType = wrapper.framework; name = UIKit.framework; path = System/Library/Frameworks/UIKit.framework; sourceTree = SDKROOT; };
		15359E52189A4B090059C3B3 /* testGit-Info.plist */ = {isa = PBXFileReference; lastKnownFileType = text.plist.xml; path = "testGit-Info.plist"; sourceTree = "<group>"; };
		15359E54189A4B090059C3B3 /* en */ = {isa = PBXFileReference; lastKnownFileType = text.plist.strings; name = en; path = en.lproj/InfoPlist.strings; sourceTree = "<group>"; };
		15359E56189A4B090059C3B3 /* main.m */ = {isa = PBXFileReference; lastKnownFileType = sourcecode.c.objc; path = main.m; sourceTree = "<group>"; };
		15359E58189A4B090059C3B3 /* testGit-Prefix.pch */ = {isa = PBXFileReference; lastKnownFileType = sourcecode.c.h; path = "testGit-Prefix.pch"; sourceTree = "<group>"; };
		15359E59189A4B090059C3B3 /* AppDelegate.h */ = {isa = PBXFileReference; lastKnownFileType = sourcecode.c.h; path = AppDelegate.h; sourceTree = "<group>"; };
		15359E5A189A4B090059C3B3 /* AppDelegate.m */ = {isa = PBXFileReference; lastKnownFileType = sourcecode.c.objc; path = AppDelegate.m; sourceTree = "<group>"; };
		15359E5D189A4B090059C3B3 /* Base */ = {isa = PBXFileReference; lastKnownFileType = file.storyboard; name = Base; path = Base.lproj/Main.storyboard; sourceTree = "<group>"; };
		15359E5F189A4B090059C3B3 /* ViewController.h */ = {isa = PBXFileReference; lastKnownFileType = sourcecode.c.h; path = ViewController.h; sourceTree = "<group>"; };
		15359E60189A4B090059C3B3 /* ViewController.m */ = {isa = PBXFileReference; lastKnownFileType = sourcecode.c.objc; path = ViewController.m; sourceTree = "<group>"; };
		15359E62189A4B090059C3B3 /* Images.xcassets */ = {isa = PBXFileReference; lastKnownFileType = folder.assetcatalog; path = Images.xcassets; sourceTree = "<group>"; };
		15359E68189A4B090059C3B3 /* testGitTests.xctest */ = {isa = PBXFileReference; explicitFileType = wrapper.cfbundle; includeInIndex = 0; path = testGitTests.xctest; sourceTree = BUILT_PRODUCTS_DIR; };
		15359E69189A4B090059C3B3 /* XCTest.framework */ = {isa = PBXFileReference; lastKnownFileType = wrapper.framework; name = XCTest.framework; path = Library/Frameworks/XCTest.framework; sourceTree = DEVELOPER_DIR; };
		15359E71189A4B0A0059C3B3 /* testGitTests-Info.plist */ = {isa = PBXFileReference; lastKnownFileType = text.plist.xml; path = "testGitTests-Info.plist"; sourceTree = "<group>"; };
		15359E73189A4B0A0059C3B3 /* en */ = {isa = PBXFileReference; lastKnownFileType = text.plist.strings; name = en; path = en.lproj/InfoPlist.strings; sourceTree = "<group>"; };
		15359E75189A4B0A0059C3B3 /* testGitTests.m */ = {isa = PBXFileReference; lastKnownFileType = sourcecode.c.objc; path = testGitTests.m; sourceTree = "<group>"; };
		1589C5E5189A564800B119FA /* MapFotr.h */ = {isa = PBXFileReference; fileEncoding = 4; lastKnownFileType = sourcecode.c.h; path = MapFotr.h; sourceTree = "<group>"; };
		1589C5E6189A564800B119FA /* MapFotr.m */ = {isa = PBXFileReference; fileEncoding = 4; lastKnownFileType = sourcecode.c.objc; path = MapFotr.m; sourceTree = "<group>"; };
/* End PBXFileReference section */

/* Begin PBXFrameworksBuildPhase section */
		15359E44189A4B080059C3B3 /* Frameworks */ = {
			isa = PBXFrameworksBuildPhase;
			buildActionMask = 2147483647;
			files = (
				15359E4D189A4B090059C3B3 /* CoreGraphics.framework in Frameworks */,
				15359E4F189A4B090059C3B3 /* UIKit.framework in Frameworks */,
				15359E4B189A4B090059C3B3 /* Foundation.framework in Frameworks */,
			);
			runOnlyForDeploymentPostprocessing = 0;
		};
		15359E65189A4B090059C3B3 /* Frameworks */ = {
			isa = PBXFrameworksBuildPhase;
			buildActionMask = 2147483647;
			files = (
				15359E6A189A4B0A0059C3B3 /* XCTest.framework in Frameworks */,
				15359E6C189A4B0A0059C3B3 /* UIKit.framework in Frameworks */,
				15359E6B189A4B0A0059C3B3 /* Foundation.framework in Frameworks */,
			);
			runOnlyForDeploymentPostprocessing = 0;
		};
/* End PBXFrameworksBuildPhase section */

/* Begin PBXGroup section */
		15359E3E189A4B080059C3B3 = {
			isa = PBXGroup;
			children = (
				15359E50189A4B090059C3B3 /* testGit */,
				15359E6F189A4B0A0059C3B3 /* testGitTests */,
				15359E49189A4B090059C3B3 /* Frameworks */,
				15359E48189A4B090059C3B3 /* Products */,
			);
			sourceTree = "<group>";
		};
		15359E48189A4B090059C3B3 /* Products */ = {
			isa = PBXGroup;
			children = (
				15359E47189A4B090059C3B3 /* testGit.app */,
				15359E68189A4B090059C3B3 /* testGitTests.xctest */,
			);
			name = Products;
			sourceTree = "<group>";
		};
		15359E49189A4B090059C3B3 /* Frameworks */ = {
			isa = PBXGroup;
			children = (
				15359E4A189A4B090059C3B3 /* Foundation.framework */,
				15359E4C189A4B090059C3B3 /* CoreGraphics.framework */,
				15359E4E189A4B090059C3B3 /* UIKit.framework */,
				15359E69189A4B090059C3B3 /* XCTest.framework */,
			);
			name = Frameworks;
			sourceTree = "<group>";
		};
		15359E50189A4B090059C3B3 /* testGit */ = {
			isa = PBXGroup;
			children = (
				15359E59189A4B090059C3B3 /* AppDelegate.h */,
				15359E5A189A4B090059C3B3 /* AppDelegate.m */,
				15359E5C189A4B090059C3B3 /* Main.storyboard */,
				15359E5F189A4B090059C3B3 /* ViewController.h */,
				15359E60189A4B090059C3B3 /* ViewController.m */,
				1589C5E5189A564800B119FA /* MapFotr.h */,
				1589C5E6189A564800B119FA /* MapFotr.m */,
				15359E62189A4B090059C3B3 /* Images.xcassets */,
				15359E51189A4B090059C3B3 /* Supporting Files */,
			);
			path = testGit;
			sourceTree = "<group>";
		};
		15359E51189A4B090059C3B3 /* Supporting Files */ = {
			isa = PBXGroup;
			children = (
				15359E52189A4B090059C3B3 /* testGit-Info.plist */,
				15359E53189A4B090059C3B3 /* InfoPlist.strings */,
				15359E56189A4B090059C3B3 /* main.m */,
				15359E58189A4B090059C3B3 /* testGit-Prefix.pch */,
			);
			name = "Supporting Files";
			sourceTree = "<group>";
		};
		15359E6F189A4B0A0059C3B3 /* testGitTests */ = {
			isa = PBXGroup;
			children = (
				15359E75189A4B0A0059C3B3 /* testGitTests.m */,
				15359E70189A4B0A0059C3B3 /* Supporting Files */,
			);
			path = testGitTests;
			sourceTree = "<group>";
		};
		15359E70189A4B0A0059C3B3 /* Supporting Files */ = {
			isa = PBXGroup;
			children = (
				15359E71189A4B0A0059C3B3 /* testGitTests-Info.plist */,
				15359E72189A4B0A0059C3B3 /* InfoPlist.strings */,
			);
			name = "Supporting Files";
			sourceTree = "<group>";
		};
/* End PBXGroup section */

/* Begin PBXNativeTarget section */
		15359E46189A4B080059C3B3 /* testGit */ = {
			isa = PBXNativeTarget;
			buildConfigurationList = 15359E79189A4B0A0059C3B3 /* Build configuration list for PBXNativeTarget "testGit" */;
			buildPhases = (
				15359E43189A4B080059C3B3 /* Sources */,
				15359E44189A4B080059C3B3 /* Frameworks */,
				15359E45189A4B080059C3B3 /* Resources */,
			);
			buildRules = (
			);
			dependencies = (
			);
			name = testGit;
			productName = testGit;
			productReference = 15359E47189A4B090059C3B3 /* testGit.app */;
			productType = "com.apple.product-type.application";
		};
		15359E67189A4B090059C3B3 /* testGitTests */ = {
			isa = PBXNativeTarget;
			buildConfigurationList = 15359E7C189A4B0A0059C3B3 /* Build configuration list for PBXNativeTarget "testGitTests" */;
			buildPhases = (
				15359E64189A4B090059C3B3 /* Sources */,
				15359E65189A4B090059C3B3 /* Frameworks */,
				15359E66189A4B090059C3B3 /* Resources */,
			);
			buildRules = (
			);
			dependencies = (
				15359E6E189A4B0A0059C3B3 /* PBXTargetDependency */,
			);
			name = testGitTests;
			productName = testGitTests;
			productReference = 15359E68189A4B090059C3B3 /* testGitTests.xctest */;
			productType = "com.apple.product-type.bundle.unit-test";
		};
/* End PBXNativeTarget section */

/* Begin PBXProject section */
		15359E3F189A4B080059C3B3 /* Project object */ = {
			isa = PBXProject;
			attributes = {
				LastUpgradeCheck = 0510;
				ORGANIZATIONNAME = "Анатолий Балабанов";
				TargetAttributes = {
					15359E67189A4B090059C3B3 = {
						TestTargetID = 15359E46189A4B080059C3B3;
					};
				};
			};
			buildConfigurationList = 15359E42189A4B080059C3B3 /* Build configuration list for PBXProject "testGit" */;
			compatibilityVersion = "Xcode 3.2";
			developmentRegion = English;
			hasScannedForEncodings = 0;
			knownRegions = (
				en,
				Base,
			);
			mainGroup = 15359E3E189A4B080059C3B3;
			productRefGroup = 15359E48189A4B090059C3B3 /* Products */;
			projectDirPath = "";
			projectRoot = "";
			targets = (
				15359E46189A4B080059C3B3 /* testGit */,
				15359E67189A4B090059C3B3 /* testGitTests */,
			);
		};
/* End PBXProject section */

/* Begin PBXResourcesBuildPhase section */
		15359E45189A4B080059C3B3 /* Resources */ = {
			isa = PBXResourcesBuildPhase;
			buildActionMask = 2147483647;
			files = (
				15359E63189A4B090059C3B3 /* Images.xcassets in Resources */,
				15359E55189A4B090059C3B3 /* InfoPlist.strings in Resources */,
				15359E5E189A4B090059C3B3 /* Main.storyboard in Resources */,
			);
			runOnlyForDeploymentPostprocessing = 0;
		};
		15359E66189A4B090059C3B3 /* Resources */ = {
			isa = PBXResourcesBuildPhase;
			buildActionMask = 2147483647;
			files = (
				15359E74189A4B0A0059C3B3 /* InfoPlist.strings in Resources */,
			);
			runOnlyForDeploymentPostprocessing = 0;
		};
/* End PBXResourcesBuildPhase section */

/* Begin PBXSourcesBuildPhase section */
		15359E43189A4B080059C3B3 /* Sources */ = {
			isa = PBXSourcesBuildPhase;
			buildActionMask = 2147483647;
			files = (
				15359E61189A4B090059C3B3 /* ViewController.m in Sources */,
				1589C5E7189A564800B119FA /* MapFotr.m in Sources */,
				15359E5B189A4B090059C3B3 /* AppDelegate.m in Sources */,
				15359E57189A4B090059C3B3 /* main.m in Sources */,
			);
			runOnlyForDeploymentPostprocessing = 0;
		};
		15359E64189A4B090059C3B3 /* Sources */ = {
			isa = PBXSourcesBuildPhase;
			buildActionMask = 2147483647;
			files = (
				15359E76189A4B0A0059C3B3 /* testGitTests.m in Sources */,
			);
			runOnlyForDeploymentPostprocessing = 0;
		};
/* End PBXSourcesBuildPhase section */

/* Begin PBXTargetDependency section */
		15359E6E189A4B0A0059C3B3 /* PBXTargetDependency */ = {
			isa = PBXTargetDependency;
			target = 15359E46189A4B080059C3B3 /* testGit */;
			targetProxy = 15359E6D189A4B0A0059C3B3 /* PBXContainerItemProxy */;
		};
/* End PBXTargetDependency section */

/* Begin PBXVariantGroup section */
		15359E53189A4B090059C3B3 /* InfoPlist.strings */ = {
			isa = PBXVariantGroup;
			children = (
				15359E54189A4B090059C3B3 /* en */,
			);
			name = InfoPlist.strings;
			sourceTree = "<group>";
		};
		15359E5C189A4B090059C3B3 /* Main.storyboard */ = {
			isa = PBXVariantGroup;
			children = (
				15359E5D189A4B090059C3B3 /* Base */,
			);
			name = Main.storyboard;
			sourceTree = "<group>";
		};
		15359E72189A4B0A0059C3B3 /* InfoPlist.strings */ = {
			isa = PBXVariantGroup;
			children = (
				15359E73189A4B0A0059C3B3 /* en */,
			);
			name = InfoPlist.strings;
			sourceTree = "<group>";
		};
/* End PBXVariantGroup section */

/* Begin XCBuildConfiguration section */
		15359E77189A4B0A0059C3B3 /* Debug */ = {
			isa = XCBuildConfiguration;
			buildSettings = {
				ALWAYS_SEARCH_USER_PATHS = NO;
				CLANG_CXX_LANGUAGE_STANDARD = "gnu++0x";
				CLANG_CXX_LIBRARY = "libc++";
				CLANG_ENABLE_MODULES = YES;
				CLANG_ENABLE_OBJC_ARC = YES;
				CLANG_WARN_BOOL_CONVERSION = YES;
				CLANG_WARN_CONSTANT_CONVERSION = YES;
				CLANG_WARN_DIRECT_OBJC_ISA_USAGE = YES_ERROR;
				CLANG_WARN_EMPTY_BODY = YES;
				CLANG_WARN_ENUM_CONVERSION = YES;
				CLANG_WARN_INT_CONVERSION = YES;
				CLANG_WARN_OBJC_ROOT_CLASS = YES_ERROR;
				CLANG_WARN__DUPLICATE_METHOD_MATCH = YES;
				"CODE_SIGN_IDENTITY[sdk=iphoneos*]" = "iPhone Developer";
				COPY_PHASE_STRIP = NO;
				GCC_C_LANGUAGE_STANDARD = gnu99;
				GCC_DYNAMIC_NO_PIC = NO;
				GCC_OPTIMIZATION_LEVEL = 0;
				GCC_PREPROCESSOR_DEFINITIONS = (
					"DEBUG=1",
					"$(inherited)",
				);
				GCC_SYMBOLS_PRIVATE_EXTERN = NO;
				GCC_WARN_64_TO_32_BIT_CONVERSION = YES;
				GCC_WARN_ABOUT_RETURN_TYPE = YES_ERROR;
				GCC_WARN_UNDECLARED_SELECTOR = YES;
				GCC_WARN_UNINITIALIZED_AUTOS = YES_AGGRESSIVE;
				GCC_WARN_UNUSED_FUNCTION = YES;
				GCC_WARN_UNUSED_VARIABLE = YES;
				IPHONEOS_DEPLOYMENT_TARGET = 7.1;
				ONLY_ACTIVE_ARCH = YES;
				SDKROOT = iphoneos;
			};
			name = Debug;
		};
		15359E78189A4B0A0059C3B3 /* Release */ = {
			isa = XCBuildConfiguration;
			buildSettings = {
				ALWAYS_SEARCH_USER_PATHS = NO;
				CLANG_CXX_LANGUAGE_STANDARD = "gnu++0x";
				CLANG_CXX_LIBRARY = "libc++";
				CLANG_ENABLE_MODULES = YES;
				CLANG_ENABLE_OBJC_ARC = YES;
				CLANG_WARN_BOOL_CONVERSION = YES;
				CLANG_WARN_CONSTANT_CONVERSION = YES;
				CLANG_WARN_DIRECT_OBJC_ISA_USAGE = YES_ERROR;
				CLANG_WARN_EMPTY_BODY = YES;
				CLANG_WARN_ENUM_CONVERSION = YES;
				CLANG_WARN_INT_CONVERSION = YES;
				CLANG_WARN_OBJC_ROOT_CLASS = YES_ERROR;
				CLANG_WARN__DUPLICATE_METHOD_MATCH = YES;
				"CODE_SIGN_IDENTITY[sdk=iphoneos*]" = "iPhone Developer";
				COPY_PHASE_STRIP = YES;
				ENABLE_NS_ASSERTIONS = NO;
				GCC_C_LANGUAGE_STANDARD = gnu99;
				GCC_WARN_64_TO_32_BIT_CONVERSION = YES;
				GCC_WARN_ABOUT_RETURN_TYPE = YES_ERROR;
				GCC_WARN_UNDECLARED_SELECTOR = YES;
				GCC_WARN_UNINITIALIZED_AUTOS = YES_AGGRESSIVE;
				GCC_WARN_UNUSED_FUNCTION = YES;
				GCC_WARN_UNUSED_VARIABLE = YES;
				IPHONEOS_DEPLOYMENT_TARGET = 7.1;
				SDKROOT = iphoneos;
				VALIDATE_PRODUCT = YES;
			};
			name = Release;
		};
		15359E7A189A4B0A0059C3B3 /* Debug */ = {
			isa = XCBuildConfiguration;
			buildSettings = {
				ASSETCATALOG_COMPILER_APPICON_NAME = AppIcon;
				ASSETCATALOG_COMPILER_LAUNCHIMAGE_NAME = LaunchImage;
				GCC_PRECOMPILE_PREFIX_HEADER = YES;
				GCC_PREFIX_HEADER = "testGit/testGit-Prefix.pch";
				INFOPLIST_FILE = "testGit/testGit-Info.plist";
				IPHONEOS_DEPLOYMENT_TARGET = 7.0;
				PRODUCT_NAME = "$(TARGET_NAME)";
				WRAPPER_EXTENSION = app;
			};
			name = Debug;
		};
		15359E7B189A4B0A0059C3B3 /* Release */ = {
			isa = XCBuildConfiguration;
			buildSettings = {
				ASSETCATALOG_COMPILER_APPICON_NAME = AppIcon;
				ASSETCATALOG_COMPILER_LAUNCHIMAGE_NAME = LaunchImage;
				GCC_PRECOMPILE_PREFIX_HEADER = YES;
				GCC_PREFIX_HEADER = "testGit/testGit-Prefix.pch";
				INFOPLIST_FILE = "testGit/testGit-Info.plist";
				IPHONEOS_DEPLOYMENT_TARGET = 7.0;
				PRODUCT_NAME = "$(TARGET_NAME)";
				WRAPPER_EXTENSION = app;
			};
			name = Release;
		};
		15359E7D189A4B0A0059C3B3 /* Debug */ = {
			isa = XCBuildConfiguration;
			buildSettings = {
				BUNDLE_LOADER = "$(BUILT_PRODUCTS_DIR)/testGit.app/testGit";
				FRAMEWORK_SEARCH_PATHS = (
					"$(SDKROOT)/Developer/Library/Frameworks",
					"$(inherited)",
					"$(DEVELOPER_FRAMEWORKS_DIR)",
				);
				GCC_PRECOMPILE_PREFIX_HEADER = YES;
				GCC_PREFIX_HEADER = "testGit/testGit-Prefix.pch";
				GCC_PREPROCESSOR_DEFINITIONS = (
					"DEBUG=1",
					"$(inherited)",
				);
				INFOPLIST_FILE = "testGitTests/testGitTests-Info.plist";
				IPHONEOS_DEPLOYMENT_TARGET = 7.0;
				PRODUCT_NAME = "$(TARGET_NAME)";
				TEST_HOST = "$(BUNDLE_LOADER)";
				WRAPPER_EXTENSION = xctest;
			};
			name = Debug;
		};
		15359E7E189A4B0A0059C3B3 /* Release */ = {
			isa = XCBuildConfiguration;
			buildSettings = {
				BUNDLE_LOADER = "$(BUILT_PRODUCTS_DIR)/testGit.app/testGit";
				FRAMEWORK_SEARCH_PATHS = (
					"$(SDKROOT)/Developer/Library/Frameworks",
					"$(inherited)",
					"$(DEVELOPER_FRAMEWORKS_DIR)",
				);
				GCC_PRECOMPILE_PREFIX_HEADER = YES;
				GCC_PREFIX_HEADER = "testGit/testGit-Prefix.pch";
				INFOPLIST_FILE = "testGitTests/testGitTests-Info.plist";
				IPHONEOS_DEPLOYMENT_TARGET = 7.0;
				PRODUCT_NAME = "$(TARGET_NAME)";
				TEST_HOST = "$(BUNDLE_LOADER)";
				WRAPPER_EXTENSION = xctest;
			};
			name = Release;
		};
/* End XCBuildConfiguration section */

/* Begin XCConfigurationList section */
		15359E42189A4B080059C3B3 /* Build configuration list for PBXProject "testGit" */ = {
			isa = XCConfigurationList;
			buildConfigurations = (
				15359E77189A4B0A0059C3B3 /* Debug */,
				15359E78189A4B0A0059C3B3 /* Release */,
			);
			defaultConfigurationIsVisible = 0;
			defaultConfigurationName = Release;
		};
		15359E79189A4B0A0059C3B3 /* Build configuration list for PBXNativeTarget "testGit" */ = {
			isa = XCConfigurationList;
			buildConfigurations = (
				15359E7A189A4B0A0059C3B3 /* Debug */,
				15359E7B189A4B0A0059C3B3 /* Release */,
			);
			defaultConfigurationIsVisible = 0;
			defaultConfigurationName = Release;
		};
		15359E7C189A4B0A0059C3B3 /* Build configuration list for PBXNativeTarget "testGitTests" */ = {
			isa = XCConfigurationList;
			buildConfigurations = (
				15359E7D189A4B0A0059C3B3 /* Debug */,
				15359E7E189A4B0A0059C3B3 /* Release */,
			);
			defaultConfigurationIsVisible = 0;
			defaultConfigurationName = Release;
		};
/* End XCConfigurationList section */
	};
	rootObject = 15359E3F189A4B080059C3B3 /* Project object */;
}
